
Microsoft Visual Studio Solution File, Format Version 12.00
# Visual Studio Version 17
VisualStudioVersion = 17.5.002.0
MinimumVisualStudioVersion = 10.0.40219.1
Project("{9A19103F-16F7-4668-BE54-9A1E7A4F7556}") = "MyWebApi", "MyWebApi.csproj", "{0622B9DC-2F79-4688-9656-18849E175ACA}"
EndProject
Global
	GlobalSection(SolutionConfigurationPlatforms) = preSolution
		Debug|Any CPU = Debug|Any CPU
		Release|Any CPU = Release|Any CPU
	EndGlobalSection
	GlobalSection(ProjectConfigurationPlatforms) = postSolution
		{0622B9DC-2F79-4688-9656-18849E175ACA}.Debug|Any CPU.ActiveCfg = Debug|Any CPU
		{0622B9DC-2F79-4688-9656-18849E175ACA}.Debug|Any CPU.Build.0 = Debug|Any CPU
		{0622B9DC-2F79-4688-9656-18849E175ACA}.Release|Any CPU.ActiveCfg = Release|Any CPU
		{0622B9DC-2F79-4688-9656-18849E175ACA}.Release|Any CPU.Build.0 = Release|Any CPU
	EndGlobalSection
	GlobalSection(SolutionProperties) = preSolution
		HideSolutionNode = FALSE
	EndGlobalSection
	GlobalSection(ExtensibilityGlobals) = postSolution
		SolutionGuid = {8086C3D1-6281-4A19-9024-17BE6F4D890D}
	EndGlobalSection
EndGlobal
